
Microsoft Visual Studio Solution File, Format Version 12.00
# Visual Studio 15
VisualStudioVersion = 15.0.28307.136
MinimumVisualStudioVersion = 10.0.40219.1
Project("{6EC3EE1D-3C4E-46DD-8F32-0CC8E7565705}") = "CommonLib", "CommonLib\CommonLib.fsproj", "{FEA80B93-2578-4A68-A545-1CE5BD0F1082}"
EndProject
Project("{6EC3EE1D-3C4E-46DD-8F32-0CC8E7565705}") = "Day1", "Day1\Day1.fsproj", "{164DD85D-EDA6-4BE0-BD93-1C23A7368CC9}"
EndProject
Project("{6EC3EE1D-3C4E-46DD-8F32-0CC8E7565705}") = "Day2", "Day2\Day2.fsproj", "{E81913D2-0B7C-4285-9D75-A172E2296146}"
EndProject
Project("{6EC3EE1D-3C4E-46DD-8F32-0CC8E7565705}") = "Day3", "Day3\Day3.fsproj", "{5046A23A-DCF8-456C-A5F1-57ACAB7270D4}"
EndProject
Project("{6EC3EE1D-3C4E-46DD-8F32-0CC8E7565705}") = "Day4", "Day4\Day4.fsproj", "{B2237F0E-9968-4697-9A0C-4976DFE0DB1F}"
EndProject
Project("{6EC3EE1D-3C4E-46DD-8F32-0CC8E7565705}") = "Day5", "Day5\Day5.fsproj", "{00B9DA6B-62FE-4824-AD20-3FD3B8F04EA4}"
EndProject
Project("{6EC3EE1D-3C4E-46DD-8F32-0CC8E7565705}") = "Day6", "Day6\Day6.fsproj", "{1F7D3793-FD49-4FFF-89AE-204516D231A9}"
EndProject
Project("{6EC3EE1D-3C4E-46DD-8F32-0CC8E7565705}") = "Day7", "Day7\Day7.fsproj", "{EEAA9596-5A9E-43D6-B972-D66B5539D14C}"
EndProject
Project("{6EC3EE1D-3C4E-46DD-8F32-0CC8E7565705}") = "Day8", "Day8\Day8.fsproj", "{3EBBD299-BBB6-4894-B427-98D47A59C598}"
EndProject
Project("{F2A71F9B-5D33-465A-A702-920D77279786}") = "Day10", "Day10\Day10.fsproj", "{0FB4747E-F5C3-4A6F-8D7B-CD5C0A758148}"
EndProject
Global
	GlobalSection(SolutionConfigurationPlatforms) = preSolution
		Debug|Any CPU = Debug|Any CPU
		Release|Any CPU = Release|Any CPU
	EndGlobalSection
	GlobalSection(ProjectConfigurationPlatforms) = postSolution
		{FEA80B93-2578-4A68-A545-1CE5BD0F1082}.Debug|Any CPU.ActiveCfg = Debug|Any CPU
		{FEA80B93-2578-4A68-A545-1CE5BD0F1082}.Debug|Any CPU.Build.0 = Debug|Any CPU
		{FEA80B93-2578-4A68-A545-1CE5BD0F1082}.Release|Any CPU.ActiveCfg = Release|Any CPU
		{FEA80B93-2578-4A68-A545-1CE5BD0F1082}.Release|Any CPU.Build.0 = Release|Any CPU
		{164DD85D-EDA6-4BE0-BD93-1C23A7368CC9}.Debug|Any CPU.ActiveCfg = Debug|Any CPU
		{164DD85D-EDA6-4BE0-BD93-1C23A7368CC9}.Debug|Any CPU.Build.0 = Debug|Any CPU
		{164DD85D-EDA6-4BE0-BD93-1C23A7368CC9}.Release|Any CPU.ActiveCfg = Release|Any CPU
		{164DD85D-EDA6-4BE0-BD93-1C23A7368CC9}.Release|Any CPU.Build.0 = Release|Any CPU
		{E81913D2-0B7C-4285-9D75-A172E2296146}.Debug|Any CPU.ActiveCfg = Debug|Any CPU
		{E81913D2-0B7C-4285-9D75-A172E2296146}.Debug|Any CPU.Build.0 = Debug|Any CPU
		{E81913D2-0B7C-4285-9D75-A172E2296146}.Release|Any CPU.ActiveCfg = Release|Any CPU
		{E81913D2-0B7C-4285-9D75-A172E2296146}.Release|Any CPU.Build.0 = Release|Any CPU
		{5046A23A-DCF8-456C-A5F1-57ACAB7270D4}.Debug|Any CPU.ActiveCfg = Debug|Any CPU
		{5046A23A-DCF8-456C-A5F1-57ACAB7270D4}.Debug|Any CPU.Build.0 = Debug|Any CPU
		{5046A23A-DCF8-456C-A5F1-57ACAB7270D4}.Release|Any CPU.ActiveCfg = Release|Any CPU
		{5046A23A-DCF8-456C-A5F1-57ACAB7270D4}.Release|Any CPU.Build.0 = Release|Any CPU
		{B2237F0E-9968-4697-9A0C-4976DFE0DB1F}.Debug|Any CPU.ActiveCfg = Debug|Any CPU
		{B2237F0E-9968-4697-9A0C-4976DFE0DB1F}.Debug|Any CPU.Build.0 = Debug|Any CPU
		{B2237F0E-9968-4697-9A0C-4976DFE0DB1F}.Release|Any CPU.ActiveCfg = Release|Any CPU
		{B2237F0E-9968-4697-9A0C-4976DFE0DB1F}.Release|Any CPU.Build.0 = Release|Any CPU
		{00B9DA6B-62FE-4824-AD20-3FD3B8F04EA4}.Debug|Any CPU.ActiveCfg = Debug|Any CPU
		{00B9DA6B-62FE-4824-AD20-3FD3B8F04EA4}.Debug|Any CPU.Build.0 = Debug|Any CPU
		{00B9DA6B-62FE-4824-AD20-3FD3B8F04EA4}.Release|Any CPU.ActiveCfg = Release|Any CPU
		{00B9DA6B-62FE-4824-AD20-3FD3B8F04EA4}.Release|Any CPU.Build.0 = Release|Any CPU
		{1F7D3793-FD49-4FFF-89AE-204516D231A9}.Debug|Any CPU.ActiveCfg = Debug|Any CPU
		{1F7D3793-FD49-4FFF-89AE-204516D231A9}.Debug|Any CPU.Build.0 = Debug|Any CPU
		{1F7D3793-FD49-4FFF-89AE-204516D231A9}.Release|Any CPU.ActiveCfg = Release|Any CPU
		{1F7D3793-FD49-4FFF-89AE-204516D231A9}.Release|Any CPU.Build.0 = Release|Any CPU
		{EEAA9596-5A9E-43D6-B972-D66B5539D14C}.Debug|Any CPU.ActiveCfg = Debug|Any CPU
		{EEAA9596-5A9E-43D6-B972-D66B5539D14C}.Debug|Any CPU.Build.0 = Debug|Any CPU
		{EEAA9596-5A9E-43D6-B972-D66B5539D14C}.Release|Any CPU.ActiveCfg = Release|Any CPU
		{EEAA9596-5A9E-43D6-B972-D66B5539D14C}.Release|Any CPU.Build.0 = Release|Any CPU
		{3EBBD299-BBB6-4894-B427-98D47A59C598}.Debug|Any CPU.ActiveCfg = Debug|Any CPU
		{3EBBD299-BBB6-4894-B427-98D47A59C598}.Debug|Any CPU.Build.0 = Debug|Any CPU
		{3EBBD299-BBB6-4894-B427-98D47A59C598}.Release|Any CPU.ActiveCfg = Release|Any CPU
		{3EBBD299-BBB6-4894-B427-98D47A59C598}.Release|Any CPU.Build.0 = Release|Any CPU
		{0FB4747E-F5C3-4A6F-8D7B-CD5C0A758148}.Debug|Any CPU.ActiveCfg = Debug|Any CPU
		{0FB4747E-F5C3-4A6F-8D7B-CD5C0A758148}.Debug|Any CPU.Build.0 = Debug|Any CPU
		{0FB4747E-F5C3-4A6F-8D7B-CD5C0A758148}.Release|Any CPU.ActiveCfg = Release|Any CPU
		{0FB4747E-F5C3-4A6F-8D7B-CD5C0A758148}.Release|Any CPU.Build.0 = Release|Any CPU
	EndGlobalSection
	GlobalSection(SolutionProperties) = preSolution
		HideSolutionNode = FALSE
	EndGlobalSection
	GlobalSection(ExtensibilityGlobals) = postSolution
		SolutionGuid = {4CE34B12-A9A8-41E3-A700-D24DEBFEA4AB}
	EndGlobalSection
EndGlobal
